// !$*UTF8*$!
{
	archiveVersion = 1;
	classes = {
	};
	objectVersion = 46;
	objects = {

/* Begin PBXBuildFile section */
		4E899AE51C3A41D3006E4620 /* ConversionViewController.swift in Sources */ = {isa = PBXBuildFile; fileRef = 4E899AE41C3A41D3006E4620 /* ConversionViewController.swift */; };
		4E899AE71C3BA276006E4620 /* MapKit.framework in Frameworks */ = {isa = PBXBuildFile; fileRef = 4E899AE61C3BA275006E4620 /* MapKit.framework */; };
		4E899AE91C3CE0A7006E4620 /* MapViewController.swift in Sources */ = {isa = PBXBuildFile; fileRef = 4E899AE81C3CE0A7006E4620 /* MapViewController.swift */; };
		4ED26A4A1C37993F00683A9E /* AppDelegate.swift in Sources */ = {isa = PBXBuildFile; fileRef = 4ED26A491C37993F00683A9E /* AppDelegate.swift */; };
		4ED26A4F1C37993F00683A9E /* Main.storyboard in Resources */ = {isa = PBXBuildFile; fileRef = 4ED26A4D1C37993F00683A9E /* Main.storyboard */; };
		4ED26A511C37993F00683A9E /* Assets.xcassets in Resources */ = {isa = PBXBuildFile; fileRef = 4ED26A501C37993F00683A9E /* Assets.xcassets */; };
		4ED26A541C37993F00683A9E /* LaunchScreen.storyboard in Resources */ = {isa = PBXBuildFile; fileRef = 4ED26A521C37993F00683A9E /* LaunchScreen.storyboard */; };
/* End PBXBuildFile section */

/* Begin PBXFileReference section */
		4E899AE41C3A41D3006E4620 /* ConversionViewController.swift */ = {isa = PBXFileReference; fileEncoding = 4; lastKnownFileType = sourcecode.swift; name = ConversionViewController.swift; path = ../ConversionViewController.swift; sourceTree = "<group>"; };
		4E899AE61C3BA275006E4620 /* MapKit.framework */ = {isa = PBXFileReference; lastKnownFileType = wrapper.framework; name = MapKit.framework; path = System/Library/Frameworks/MapKit.framework; sourceTree = SDKROOT; };
		4E899AE81C3CE0A7006E4620 /* MapViewController.swift */ = {isa = PBXFileReference; fileEncoding = 4; lastKnownFileType = sourcecode.swift; path = MapViewController.swift; sourceTree = "<group>"; };
		4ED26A461C37993F00683A9E /* WorldTrotter.app */ = {isa = PBXFileReference; explicitFileType = wrapper.application; includeInIndex = 0; path = WorldTrotter.app; sourceTree = BUILT_PRODUCTS_DIR; };
		4ED26A491C37993F00683A9E /* AppDelegate.swift */ = {isa = PBXFileReference; lastKnownFileType = sourcecode.swift; path = AppDelegate.swift; sourceTree = "<group>"; };
		4ED26A4E1C37993F00683A9E /* Base */ = {isa = PBXFileReference; lastKnownFileType = file.storyboard; name = Base; path = Base.lproj/Main.storyboard; sourceTree = "<group>"; };
		4ED26A501C37993F00683A9E /* Assets.xcassets */ = {isa = PBXFileReference; lastKnownFileType = folder.assetcatalog; path = Assets.xcassets; sourceTree = "<group>"; };
		4ED26A531C37993F00683A9E /* Base */ = {isa = PBXFileReference; lastKnownFileType = file.storyboard; name = Base; path = Base.lproj/LaunchScreen.storyboard; sourceTree = "<group>"; };
		4ED26A551C37993F00683A9E /* Info.plist */ = {isa = PBXFileReference; lastKnownFileType = text.plist.xml; path = Info.plist; sourceTree = "<group>"; };
/* End PBXFileReference section */

/* Begin PBXFrameworksBuildPhase section */
		4ED26A431C37993F00683A9E /* Frameworks */ = {
			isa = PBXFrameworksBuildPhase;
			buildActionMask = 2147483647;
			files = (
				4E899AE71C3BA276006E4620 /* MapKit.framework in Frameworks */,
			);
			runOnlyForDeploymentPostprocessing = 0;
		};
/* End PBXFrameworksBuildPhase section */

/* Begin PBXGroup section */
		4ED26A3D1C37993F00683A9E = {
			isa = PBXGroup;
			children = (
				4E899AE61C3BA275006E4620 /* MapKit.framework */,
				4ED26A481C37993F00683A9E /* WorldTrotter */,
				4ED26A471C37993F00683A9E /* Products */,
			);
			sourceTree = "<group>";
		};
		4ED26A471C37993F00683A9E /* Products */ = {
			isa = PBXGroup;
			children = (
				4ED26A461C37993F00683A9E /* WorldTrotter.app */,
			);
			name = Products;
			sourceTree = "<group>";
		};
		4ED26A481C37993F00683A9E /* WorldTrotter */ = {
			isa = PBXGroup;
			children = (
				4E899AE41C3A41D3006E4620 /* ConversionViewController.swift */,
				4ED26A491C37993F00683A9E /* AppDelegate.swift */,
				4ED26A4D1C37993F00683A9E /* Main.storyboard */,
				4ED26A501C37993F00683A9E /* Assets.xcassets */,
				4ED26A521C37993F00683A9E /* LaunchScreen.storyboard */,
				4ED26A551C37993F00683A9E /* Info.plist */,
				4E899AE81C3CE0A7006E4620 /* MapViewController.swift */,
			);
			path = WorldTrotter;
			sourceTree = "<group>";
		};
/* End PBXGroup section */

/* Begin PBXNativeTarget section */
		4ED26A451C37993F00683A9E /* WorldTrotter */ = {
			isa = PBXNativeTarget;
			buildConfigurationList = 4ED26A581C37993F00683A9E /* Build configuration list for PBXNativeTarget "WorldTrotter" */;
			buildPhases = (
				4ED26A421C37993F00683A9E /* Sources */,
				4ED26A431C37993F00683A9E /* Frameworks */,
				4ED26A441C37993F00683A9E /* Resources */,
			);
			buildRules = (
			);
			dependencies = (
			);
			name = WorldTrotter;
			productName = WorldTrotter;
			productReference = 4ED26A461C37993F00683A9E /* WorldTrotter.app */;
			productType = "com.apple.product-type.application";
		};
/* End PBXNativeTarget section */

/* Begin PBXProject section */
		4ED26A3E1C37993F00683A9E /* Project object */ = {
			isa = PBXProject;
			attributes = {
				LastSwiftUpdateCheck = 0720;
				LastUpgradeCheck = 0720;
				ORGANIZATIONNAME = Fhools;
				TargetAttributes = {
					4ED26A451C37993F00683A9E = {
						CreatedOnToolsVersion = 7.2;
					};
				};
			};
			buildConfigurationList = 4ED26A411C37993F00683A9E /* Build configuration list for PBXProject "WorldTrotter" */;
			compatibilityVersion = "Xcode 3.2";
			developmentRegion = English;
			hasScannedForEncodings = 0;
			knownRegions = (
				en,
				Base,
			);
			mainGroup = 4ED26A3D1C37993F00683A9E;
			productRefGroup = 4ED26A471C37993F00683A9E /* Products */;
			projectDirPath = "";
			projectRoot = "";
			targets = (
				4ED26A451C37993F00683A9E /* WorldTrotter */,
			);
		};
/* End PBXProject section */

/* Begin PBXResourcesBuildPhase section */
		4ED26A441C37993F00683A9E /* Resources */ = {
			isa = PBXResourcesBuildPhase;
			buildActionMask = 2147483647;
			files = (
				4ED26A541C37993F00683A9E /* LaunchScreen.storyboard in Resources */,
				4ED26A511C37993F00683A9E /* Assets.xcassets in Resources */,
				4ED26A4F1C37993F00683A9E /* Main.storyboard in Resources */,
			);
			runOnlyForDeploymentPostprocessing = 0;
		};
/* End PBXResourcesBuildPhase section */

/* Begin PBXSourcesBuildPhase section */
		4ED26A421C37993F00683A9E /* Sources */ = {
			isa = PBXSourcesBuildPhase;
			buildActionMask = 2147483647;
			files = (
				4E899AE51C3A41D3006E4620 /* ConversionViewController.swift in Sources */,
				4E899AE91C3CE0A7006E4620 /* MapViewController.swift in Sources */,
				4ED26A4A1C37993F00683A9E /* AppDelegate.swift in Sources */,
			);
			runOnlyForDeploymentPostprocessing = 0;
		};
/* End PBXSourcesBuildPhase section */

/* Begin PBXVariantGroup section */
		4ED26A4D1C37993F00683A9E /* Main.storyboard */ = {
			isa = PBXVariantGroup;
			children = (
				4ED26A4E1C37993F00683A9E /* Base */,
			);
			name = Main.storyboard;
			sourceTree = "<group>";
		};
		4ED26A521C37993F00683A9E /* LaunchScreen.storyboard */ = {
			isa = PBXVariantGroup;
			children = (
				4ED26A531C37993F00683A9E /* Base */,
			);
			name = LaunchScreen.storyboard;
			sourceTree = "<group>";
		};
/* End PBXVariantGroup section */

/* Begin XCBuildConfiguration section */
		4ED26A561C37993F00683A9E /* Debug */ = {
			isa = XCBuildConfiguration;
			buildSettings = {
				ALWAYS_SEARCH_USER_PATHS = NO;
				CLANG_CXX_LANGUAGE_STANDARD = "gnu++0x";
				CLANG_CXX_LIBRARY = "libc++";
				CLANG_ENABLE_MODULES = YES;
				CLANG_ENABLE_OBJC_ARC = YES;
				CLANG_WARN_BOOL_CONVERSION = YES;
				CLANG_WARN_CONSTANT_CONVERSION = YES;
				CLANG_WARN_DIRECT_OBJC_ISA_USAGE = YES_ERROR;
				CLANG_WARN_EMPTY_BODY = YES;
				CLANG_WARN_ENUM_CONVERSION = YES;
				CLANG_WARN_INT_CONVERSION = YES;
				CLANG_WARN_OBJC_ROOT_CLASS = YES_ERROR;
				CLANG_WARN_UNREACHABLE_CODE = YES;
				CLANG_WARN__DUPLICATE_METHOD_MATCH = YES;
				"CODE_SIGN_IDENTITY[sdk=iphoneos*]" = "iPhone Developer";
				COPY_PHASE_STRIP = NO;
				DEBUG_INFORMATION_FORMAT = dwarf;
				ENABLE_STRICT_OBJC_MSGSEND = YES;
				ENABLE_TESTABILITY = YES;
				GCC_C_LANGUAGE_STANDARD = gnu99;
				GCC_DYNAMIC_NO_PIC = NO;
				GCC_NO_COMMON_BLOCKS = YES;
				GCC_OPTIMIZATION_LEVEL = 0;
				GCC_PREPROCESSOR_DEFINITIONS = (
					"DEBUG=1",
					"$(inherited)",
				);
				GCC_WARN_64_TO_32_BIT_CONVERSION = YES;
				GCC_WARN_ABOUT_RETURN_TYPE = YES_ERROR;
				GCC_WARN_UNDECLARED_SELECTOR = YES;
				GCC_WARN_UNINITIALIZED_AUTOS = YES_AGGRESSIVE;
				GCC_WARN_UNUSED_FUNCTION = YES;
				GCC_WARN_UNUSED_VARIABLE = YES;
				IPHONEOS_DEPLOYMENT_TARGET = 9.2;
				MTL_ENABLE_DEBUG_INFO = YES;
				ONLY_ACTIVE_ARCH = YES;
				SDKROOT = iphoneos;
				SWIFT_OPTIMIZATION_LEVEL = "-Onone";
			};
			name = Debug;
		};
		4ED26A571C37993F00683A9E /* Release */ = {
			isa = XCBuildConfiguration;
			buildSettings = {
				ALWAYS_SEARCH_USER_PATHS = NO;
				CLANG_CXX_LANGUAGE_STANDARD = "gnu++0x";
				CLANG_CXX_LIBRARY = "libc++";
				CLANG_ENABLE_MODULES = YES;
				CLANG_ENABLE_OBJC_ARC = YES;
				CLANG_WARN_BOOL_CONVERSION = YES;
				CLANG_WARN_CONSTANT_CONVERSION = YES;
				CLANG_WARN_DIRECT_OBJC_ISA_USAGE = YES_ERROR;
				CLANG_WARN_EMPTY_BODY = YES;
				CLANG_WARN_ENUM_CONVERSION = YES;
				CLANG_WARN_INT_CONVERSION = YES;
				CLANG_WARN_OBJC_ROOT_CLASS = YES_ERROR;
				CLANG_WARN_UNREACHABLE_CODE = YES;
				CLANG_WARN__DUPLICATE_METHOD_MATCH = YES;
				"CODE_SIGN_IDENTITY[sdk=iphoneos*]" = "iPhone Developer";
				COPY_PHASE_STRIP = NO;
				DEBUG_INFORMATION_FORMAT = "dwarf-with-dsym";
				ENABLE_NS_ASSERTIONS = NO;
				ENABLE_STRICT_OBJC_MSGSEND = YES;
				GCC_C_LANGUAGE_STANDARD = gnu99;
				GCC_NO_COMMON_BLOCKS = YES;
				GCC_WARN_64_TO_32_BIT_CONVERSION = YES;
				GCC_WARN_ABOUT_RETURN_TYPE = YES_ERROR;
				GCC_WARN_UNDECLARED_SELECTOR = YES;
				GCC_WARN_UNINITIALIZED_AUTOS = YES_AGGRESSIVE;
				GCC_WARN_UNUSED_FUNCTION = YES;
				GCC_WARN_UNUSED_VARIABLE = YES;
				IPHONEOS_DEPLOYMENT_TARGET = 9.2;
				MTL_ENABLE_DEBUG_INFO = NO;
				SDKROOT = iphoneos;
				VALIDATE_PRODUCT = YES;
			};
			name = Release;
		};
		4ED26A591C37993F00683A9E /* Debug */ = {
			isa = XCBuildConfiguration;
			buildSettings = {
				ASSETCATALOG_COMPILER_APPICON_NAME = AppIcon;
				INFOPLIST_FILE = WorldTrotter/Info.plist;
				LD_RUNPATH_SEARCH_PATHS = "$(inherited) @executable_path/Frameworks";
				PRODUCT_BUNDLE_IDENTIFIER = com.fhools.WorldTrotter;
				PRODUCT_NAME = "$(TARGET_NAME)";
			};
			name = Debug;
		};
		4ED26A5A1C37993F00683A9E /* Release */ = {
			isa = XCBuildConfiguration;
			buildSettings = {
				ASSETCATALOG_COMPILER_APPICON_NAME = AppIcon;
				INFOPLIST_FILE = WorldTrotter/Info.plist;
				LD_RUNPATH_SEARCH_PATHS = "$(inherited) @executable_path/Frameworks";
				PRODUCT_BUNDLE_IDENTIFIER = com.fhools.WorldTrotter;
				PRODUCT_NAME = "$(TARGET_NAME)";
			};
			name = Release;
		};
/* End XCBuildConfiguration section */

/* Begin XCConfigurationList section */
		4ED26A411C37993F00683A9E /* Build configuration list for PBXProject "WorldTrotter" */ = {
			isa = XCConfigurationList;
			buildConfigurations = (
				4ED26A561C37993F00683A9E /* Debug */,
				4ED26A571C37993F00683A9E /* Release */,
			);
			defaultConfigurationIsVisible = 0;
			defaultConfigurationName = Release;
		};
		4ED26A581C37993F00683A9E /* Build configuration list for PBXNativeTarget "WorldTrotter" */ = {
			isa = XCConfigurationList;
			buildConfigurations = (
				4ED26A591C37993F00683A9E /* Debug */,
				4ED26A5A1C37993F00683A9E /* Release */,
			);
			defaultConfigurationIsVisible = 0;
			defaultConfigurationName = Release;
		};
/* End XCConfigurationList section */
	};
	rootObject = 4ED26A3E1C37993F00683A9E /* Project object */;
}
